
Microsoft Visual Studio Solution File, Format Version 12.00
# Visual Studio Version 17
VisualStudioVersion = 17.8.34511.84
MinimumVisualStudioVersion = 10.0.40219.1
Project("{2150E333-8FDC-42A3-9474-1A3956D46DE8}") = "Core", "Core", "{57F0779F-3C3C-40E9-A83D-7C30CF678C19}"
EndProject
Project("{9A19103F-16F7-4668-BE54-9A1E7A4F7556}") = "Link.Application", "Core\Link.Application\Link.Application.csproj", "{7F607F3E-3BD8-41E6-89A4-75F541158CFC}"
EndProject
Project("{2150E333-8FDC-42A3-9474-1A3956D46DE8}") = "Infrastructure", "Infrastructure", "{593EDDC0-C02D-4C08-A15E-13F523724C75}"
EndProject
Project("{9A19103F-16F7-4668-BE54-9A1E7A4F7556}") = "Link.Persistence", "Infrastructure\Link.Persistence\Link.Persistence.csproj", "{AEEAF899-B09E-468B-9DEE-51D682118F28}"
EndProject
Project("{9A19103F-16F7-4668-BE54-9A1E7A4F7556}") = "Link.Domain", "Core\Link.Domain\Link.Domain.csproj", "{B7A2D5E7-BB61-4A55-AE53-AE81C09CC887}"
EndProject
Project("{2150E333-8FDC-42A3-9474-1A3956D46DE8}") = "Presentation", "Presentation", "{85600789-8398-4DE1-A614-8CFD7D0E7E4E}"
EndProject
Project("{9A19103F-16F7-4668-BE54-9A1E7A4F7556}") = "Link.WebApi", "Presentation\Link.WebApi\Link.WebApi.csproj", "{12FACED3-6737-466D-804B-368B4216056F}"
EndProject
Project("{2150E333-8FDC-42A3-9474-1A3956D46DE8}") = "FrontEnd", "FrontEnd", "{A65BB777-C4B4-4C59-B94D-D6DA19462757}"
EndProject
Project("{9A19103F-16F7-4668-BE54-9A1E7A4F7556}") = "Link.Dto", "FrontEnd\Link.Dto\Link.Dto.csproj", "{11D79797-92D9-4946-86CA-54E55033D782}"
EndProject
Project("{9A19103F-16F7-4668-BE54-9A1E7A4F7556}") = "Link.WebUI", "FrontEnd\Link.WebUI\Link.WebUI.csproj", "{F8A4DFC0-6774-437E-B253-658A6A29B9DD}"
EndProject
Global
	GlobalSection(SolutionConfigurationPlatforms) = preSolution
		Debug|Any CPU = Debug|Any CPU
		Release|Any CPU = Release|Any CPU
	EndGlobalSection
	GlobalSection(ProjectConfigurationPlatforms) = postSolution
		{7F607F3E-3BD8-41E6-89A4-75F541158CFC}.Debug|Any CPU.ActiveCfg = Debug|Any CPU
		{7F607F3E-3BD8-41E6-89A4-75F541158CFC}.Debug|Any CPU.Build.0 = Debug|Any CPU
		{7F607F3E-3BD8-41E6-89A4-75F541158CFC}.Release|Any CPU.ActiveCfg = Release|Any CPU
		{7F607F3E-3BD8-41E6-89A4-75F541158CFC}.Release|Any CPU.Build.0 = Release|Any CPU
		{AEEAF899-B09E-468B-9DEE-51D682118F28}.Debug|Any CPU.ActiveCfg = Debug|Any CPU
		{AEEAF899-B09E-468B-9DEE-51D682118F28}.Debug|Any CPU.Build.0 = Debug|Any CPU
		{AEEAF899-B09E-468B-9DEE-51D682118F28}.Release|Any CPU.ActiveCfg = Release|Any CPU
		{AEEAF899-B09E-468B-9DEE-51D682118F28}.Release|Any CPU.Build.0 = Release|Any CPU
		{B7A2D5E7-BB61-4A55-AE53-AE81C09CC887}.Debug|Any CPU.ActiveCfg = Debug|Any CPU
		{B7A2D5E7-BB61-4A55-AE53-AE81C09CC887}.Debug|Any CPU.Build.0 = Debug|Any CPU
		{B7A2D5E7-BB61-4A55-AE53-AE81C09CC887}.Release|Any CPU.ActiveCfg = Release|Any CPU
		{B7A2D5E7-BB61-4A55-AE53-AE81C09CC887}.Release|Any CPU.Build.0 = Release|Any CPU
		{12FACED3-6737-466D-804B-368B4216056F}.Debug|Any CPU.ActiveCfg = Debug|Any CPU
		{12FACED3-6737-466D-804B-368B4216056F}.Debug|Any CPU.Build.0 = Debug|Any CPU
		{12FACED3-6737-466D-804B-368B4216056F}.Release|Any CPU.ActiveCfg = Release|Any CPU
		{12FACED3-6737-466D-804B-368B4216056F}.Release|Any CPU.Build.0 = Release|Any CPU
		{11D79797-92D9-4946-86CA-54E55033D782}.Debug|Any CPU.ActiveCfg = Debug|Any CPU
		{11D79797-92D9-4946-86CA-54E55033D782}.Debug|Any CPU.Build.0 = Debug|Any CPU
		{11D79797-92D9-4946-86CA-54E55033D782}.Release|Any CPU.ActiveCfg = Release|Any CPU
		{11D79797-92D9-4946-86CA-54E55033D782}.Release|Any CPU.Build.0 = Release|Any CPU
		{F8A4DFC0-6774-437E-B253-658A6A29B9DD}.Debug|Any CPU.ActiveCfg = Debug|Any CPU
		{F8A4DFC0-6774-437E-B253-658A6A29B9DD}.Debug|Any CPU.Build.0 = Debug|Any CPU
		{F8A4DFC0-6774-437E-B253-658A6A29B9DD}.Release|Any CPU.ActiveCfg = Release|Any CPU
		{F8A4DFC0-6774-437E-B253-658A6A29B9DD}.Release|Any CPU.Build.0 = Release|Any CPU
	EndGlobalSection
	GlobalSection(SolutionProperties) = preSolution
		HideSolutionNode = FALSE
	EndGlobalSection
	GlobalSection(NestedProjects) = preSolution
		{7F607F3E-3BD8-41E6-89A4-75F541158CFC} = {57F0779F-3C3C-40E9-A83D-7C30CF678C19}
		{AEEAF899-B09E-468B-9DEE-51D682118F28} = {593EDDC0-C02D-4C08-A15E-13F523724C75}
		{B7A2D5E7-BB61-4A55-AE53-AE81C09CC887} = {57F0779F-3C3C-40E9-A83D-7C30CF678C19}
		{12FACED3-6737-466D-804B-368B4216056F} = {85600789-8398-4DE1-A614-8CFD7D0E7E4E}
		{11D79797-92D9-4946-86CA-54E55033D782} = {A65BB777-C4B4-4C59-B94D-D6DA19462757}
		{F8A4DFC0-6774-437E-B253-658A6A29B9DD} = {A65BB777-C4B4-4C59-B94D-D6DA19462757}
	EndGlobalSection
	GlobalSection(ExtensibilityGlobals) = postSolution
		SolutionGuid = {04F1D046-4C6B-442D-BDA4-F6FBD814A21C}
	EndGlobalSection
EndGlobal
